<?xml version="1.0" encoding="utf-8"?>
<Project ToolsVersion="4.0" xmlns="http://schemas.microsoft.com/developer/msbuild/2003">
  <ItemGroup>
    <Filter Include="Source Files">
      <UniqueIdentifier>{4FC737F1-C7A5-4376-A066-2A32D752A2FF}</UniqueIdentifier>
      <Extensions>cpp;c;cc;cxx;def;odl;idl;hpj;bat;asm;asmx</Extensions>
    </Filter>
    <Filter Include="Header Files">
      <UniqueIdentifier>{93995380-89BD-4b04-88EB-625FBE52EBFB}</UniqueIdentifier>
      <Extensions>h;hh;hpp;hxx;hm;inl;inc;xsd</Extensions>
    </Filter>
    <Filter Include="Resource Files">
      <UniqueIdentifier>{67DA6AB6-F800-4c08-8B7A-83BB121AAD01}</UniqueIdentifier>
      <Extensions>rc;ico;cur;bmp;dlg;rc2;rct;bin;rgs;gif;jpg;jpeg;jpe;resx;tiff;tif;png;wav;mfcribbon-ms</Extensions>
    </Filter>
  </ItemGroup>
  <ItemGroup>
    <ClCompile Include="gttg_main.cpp">
      <Filter>Source Files</Filter>
    </ClCompile>
    <ClCompile Include="Space.cpp">
      <Filter>Source Files</Filter>
    </ClCompile>
    <ClCompile Include="Game.cpp">
      <Filter>Source Files</Filter>
    </ClCompile>
    <ClCompile Include="Street.cpp">
      <Filter>Source Files</Filter>
    </ClCompile>
    <ClCompile Include="LiqourStore.cpp">
      <Filter>Source Files</Filter>
    </ClCompile>
    <ClCompile Include="MusicStore.cpp">
      <Filter>Source Files</Filter>
    </ClCompile>
    <ClCompile Include="Dead.cpp">
      <Filter>Source Files</Filter>
    </ClCompile>
    <ClCompile Include="Map.cpp">
      <Filter>Source Files</Filter>
    </ClCompile>
    <ClCompile Include="Helper.cpp">
      <Filter>Source Files</Filter>
    </ClCompile>
    <ClCompile Include="Menu.cpp">
      <Filter>Source Files</Filter>
    </ClCompile>
    <ClCompile Include="Random.cpp">
      <Filter>Source Files</Filter>
    </ClCompile>
    <ClCompile Include="Gig.cpp">
      <Filter>Source Files</Filter>
    </ClCompile>
    <ClCompile Include="AA.cpp">
      <Filter>Source Files</Filter>
    </ClCompile>
    <ClCompile Include="Satan.cpp">
      <Filter>Source Files</Filter>
    </ClCompile>
    <ClCompile Include="Player.cpp">
      <Filter>Source Files</Filter>
    </ClCompile>
    <ClCompile Include="Item.cpp">
      <Filter>Source Files</Filter>
    </ClCompile>
    <ClCompile Include="iAA.cpp">
      <Filter>Source Files</Filter>
    </ClCompile>
    <ClCompile Include="iLS.cpp">
      <Filter>Source Files</Filter>
    </ClCompile>
    <ClCompile Include="iStreet.cpp">
      <Filter>Source Files</Filter>
    </ClCompile>
    <ClCompile Include="Interactive.cpp">
      <Filter>Source Files</Filter>
    </ClCompile>
    <ClCompile Include="iMS.cpp">
      <Filter>Source Files</Filter>
    </ClCompile>
    <ClCompile Include="iSatan.cpp">
      <Filter>Source Files</Filter>
    </ClCompile>
    <ClCompile Include="iGig.cpp">
      <Filter>Source Files</Filter>
    </ClCompile>
  </ItemGroup>
  <ItemGroup>
    <ClInclude Include="Space.hpp">
      <Filter>Header Files</Filter>
    </ClInclude>
    <ClInclude Include="Game.hpp">
      <Filter>Header Files</Filter>
    </ClInclude>
    <ClInclude Include="Street.hpp">
      <Filter>Header Files</Filter>
    </ClInclude>
    <ClInclude Include="LiqourStore.hpp">
      <Filter>Header Files</Filter>
    </ClInclude>
    <ClInclude Include="MusicStore.hpp">
      <Filter>Header Files</Filter>
    </ClInclude>
    <ClInclude Include="Dead.hpp">
      <Filter>Header Files</Filter>
    </ClInclude>
    <ClInclude Include="Map.hpp">
      <Filter>Header Files</Filter>
    </ClInclude>
    <ClInclude Include="Helper.hpp">
      <Filter>Header Files</Filter>
    </ClInclude>
    <ClInclude Include="Menu.hpp">
      <Filter>Header Files</Filter>
    </ClInclude>
    <ClInclude Include="Random.hpp">
      <Filter>Header Files</Filter>
    </ClInclude>
    <ClInclude Include="Gig.hpp">
      <Filter>Header Files</Filter>
    </ClInclude>
    <ClInclude Include="AA.hpp">
      <Filter>Header Files</Filter>
    </ClInclude>
    <ClInclude Include="Satan.hpp">
      <Filter>Header Files</Filter>
    </ClInclude>
    <ClInclude Include="Player.hpp">
      <Filter>Header Files</Filter>
    </ClInclude>
    <ClInclude Include="Item.hpp">
      <Filter>Header Files</Filter>
    </ClInclude>
    <ClInclude Include="iAA.hpp">
      <Filter>Header Files</Filter>
    </ClInclude>
    <ClInclude Include="iLS.hpp">
      <Filter>Header Files</Filter>
    </ClInclude>
    <ClInclude Include="iStreet.hpp">
      <Filter>Header Files</Filter>
    </ClInclude>
    <ClInclude Include="Interactive.hpp">
      <Filter>Header Files</Filter>
    </ClInclude>
    <ClInclude Include="iMS.hpp">
      <Filter>Header Files</Filter>
    </ClInclude>
    <ClInclude Include="iSatan.hpp">
      <Filter>Header Files</Filter>
    </ClInclude>
    <ClInclude Include="iGig.hpp">
      <Filter>Header Files</Filter>
    </ClInclude>
  </ItemGroup>
</Project>